
Microsoft Visual Studio Solution File, Format Version 12.00
# Visual Studio Version 17
VisualStudioVersion = 17.8.34322.80
MinimumVisualStudioVersion = 10.0.40219.1
Project("{FAE04EC0-301F-11D3-BF4B-00C04F79EFBC}") = "HexaopsNewWebAPP", "HexaopsNewWebAPP.csproj", "{6CC48B67-9A96-4299-A008-529B34E83C72}"
EndProject
Global
	GlobalSection(SolutionConfigurationPlatforms) = preSolution
		Debug|Any CPU = Debug|Any CPU
		Release|Any CPU = Release|Any CPU
	EndGlobalSection
	GlobalSection(ProjectConfigurationPlatforms) = postSolution
		{6CC48B67-9A96-4299-A008-529B34E83C72}.Debug|Any CPU.ActiveCfg = Debug|Any CPU
		{6CC48B67-9A96-4299-A008-529B34E83C72}.Debug|Any CPU.Build.0 = Debug|Any CPU
		{6CC48B67-9A96-4299-A008-529B34E83C72}.Release|Any CPU.ActiveCfg = Release|Any CPU
		{6CC48B67-9A96-4299-A008-529B34E83C72}.Release|Any CPU.Build.0 = Release|Any CPU
	EndGlobalSection
	GlobalSection(SolutionProperties) = preSolution
		HideSolutionNode = FALSE
	EndGlobalSection
	GlobalSection(ExtensibilityGlobals) = postSolution
		SolutionGuid = {5C5B1AC8-B895-4CFE-8A8D-34C3609BCEF8}
	EndGlobalSection
EndGlobal
